
Microsoft Visual Studio Solution File, Format Version 12.00
# Visual Studio Version 17
VisualStudioVersion = 17.12.35527.113 d17.12
MinimumVisualStudioVersion = 10.0.40219.1
Project("{FAE04EC0-301F-11D3-BF4B-00C04F79EFBC}") = "00-01.Library", "00-01.DHHTools_Library\00-01.Library.csproj", "{C1343206-2654-4111-B0FA-B296CBBA6B66}"
EndProject
Project("{FAE04EC0-301F-11D3-BF4B-00C04F79EFBC}") = "02_01_DrawSectionBeam_Detail2D", "02_01_DrawSectionBeam_Detail2D\02_01_DrawSectionBeam_Detail2D.csproj", "{27629EA3-EB4A-4472-BD61-2D0500897A46}"
EndProject
Project("{FAE04EC0-301F-11D3-BF4B-00C04F79EFBC}") = "01_04_PrintMultiFiles", "01_04_PrintMultiFiles\01_04_PrintMultiFiles.csproj", "{83854EC6-4F78-4744-A0A2-9B2C2EFB4047}"
EndProject
Project("{FAE04EC0-301F-11D3-BF4B-00C04F79EFBC}") = "04_02_ModelColumnsFromCAD", "04_02_ModelColumnsFromCAD\04_02_ModelColumnsFromCAD.csproj", "{8A495E4D-85A2-45AA-9E1D-2B32BD1D4DF0}"
EndProject
Project("{FAE04EC0-301F-11D3-BF4B-00C04F79EFBC}") = "03_03_RebarBeam3D", "03_03_RebarBeam3D\03_03_RebarBeam3D.csproj", "{0CFF3D09-06CE-44CE-A074-D43029FF1F7F}"
EndProject
Project("{FAE04EC0-301F-11D3-BF4B-00C04F79EFBC}") = "03_01_RebarFoundation3D", "03_01_RebarFoundation3D\03_01_RebarFoundation3D.csproj", "{CDCE741D-5268-41FB-8917-24B4F669637D}"
EndProject
Project("{FAE04EC0-301F-11D3-BF4B-00C04F79EFBC}") = "01_01_SiteByXYCoordinates", "01_01_SiteByXYCoordinates\01_01_SiteByXYCoordinates.csproj", "{268150C9-A3E3-4499-AF77-EC4707EDB7B0}"
EndProject
Project("{FAE04EC0-301F-11D3-BF4B-00C04F79EFBC}") = "01_02_FormatCADImport", "01_02_FormatCADImport\01_02_FormatCADImport.csproj", "{38F23DE5-7EB8-4A15-B171-4C21D7DC97F7}"
EndProject
Project("{FAE04EC0-301F-11D3-BF4B-00C04F79EFBC}") = "00_00_DHHTool_RevitApp", "00_00_DHHTool_RevitApp\00_00_DHHTool_RevitApp.csproj", "{CE6F2F70-F683-4EA6-BD63-74E235A34945}"
EndProject
Project("{FAE04EC0-301F-11D3-BF4B-00C04F79EFBC}") = "05_01_ModelEtabsFromRevit", "05_01_ModelEtabsFromRevit\05_01_ModelEtabsFromRevit.csproj", "{8947576D-FA30-48B5-8D97-BE2C17191F3E}"
EndProject
Project("{FAE04EC0-301F-11D3-BF4B-00C04F79EFBC}") = "02_02_DrawSectionSlab_Detail2D", "02_02_DrawSectionSlab_Detail2D\02_02_DrawSectionSlab_Detail2D.csproj", "{DB8FA5B7-262C-4E3E-A22D-3E81D8D72675}"
EndProject
Project("{FAE04EC0-301F-11D3-BF4B-00C04F79EFBC}") = "06_04_RS2D_RebarSlab2D", "06_04_RS2D_RebarSlab2D\06_04_RS2D_RebarSlab2D.csproj", "{9391184C-76EA-4D4A-B19C-52D6DDA95437}"
EndProject
Project("{FAE04EC0-301F-11D3-BF4B-00C04F79EFBC}") = "06_00_RS2D_SummarySchedule", "06_00_RS2D_SummarySchedule\06_00_RS2D_SummarySchedule.csproj", "{46CEFDC0-1EA6-4091-AA38-A82C0EF500BB}"
EndProject
Global
	GlobalSection(SolutionConfigurationPlatforms) = preSolution
		Debug|Any CPU = Debug|Any CPU
		Debug|x64 = Debug|x64
		Debug|x86 = Debug|x86
		Release|Any CPU = Release|Any CPU
		Release|x64 = Release|x64
		Release|x86 = Release|x86
	EndGlobalSection
	GlobalSection(ProjectConfigurationPlatforms) = postSolution
		{C1343206-2654-4111-B0FA-B296CBBA6B66}.Debug|Any CPU.ActiveCfg = Debug|Any CPU
		{C1343206-2654-4111-B0FA-B296CBBA6B66}.Debug|Any CPU.Build.0 = Debug|Any CPU
		{C1343206-2654-4111-B0FA-B296CBBA6B66}.Debug|x64.ActiveCfg = Debug|x64
		{C1343206-2654-4111-B0FA-B296CBBA6B66}.Debug|x64.Build.0 = Debug|x64
		{C1343206-2654-4111-B0FA-B296CBBA6B66}.Debug|x86.ActiveCfg = Debug|x86
		{C1343206-2654-4111-B0FA-B296CBBA6B66}.Debug|x86.Build.0 = Debug|x86
		{C1343206-2654-4111-B0FA-B296CBBA6B66}.Release|Any CPU.ActiveCfg = Release|Any CPU
		{C1343206-2654-4111-B0FA-B296CBBA6B66}.Release|Any CPU.Build.0 = Release|Any CPU
		{C1343206-2654-4111-B0FA-B296CBBA6B66}.Release|x64.ActiveCfg = Release|x64
		{C1343206-2654-4111-B0FA-B296CBBA6B66}.Release|x64.Build.0 = Release|x64
		{C1343206-2654-4111-B0FA-B296CBBA6B66}.Release|x86.ActiveCfg = Release|x86
		{C1343206-2654-4111-B0FA-B296CBBA6B66}.Release|x86.Build.0 = Release|x86
		{27629EA3-EB4A-4472-BD61-2D0500897A46}.Debug|Any CPU.ActiveCfg = Debug|Any CPU
		{27629EA3-EB4A-4472-BD61-2D0500897A46}.Debug|Any CPU.Build.0 = Debug|Any CPU
		{27629EA3-EB4A-4472-BD61-2D0500897A46}.Debug|x64.ActiveCfg = Debug|Any CPU
		{27629EA3-EB4A-4472-BD61-2D0500897A46}.Debug|x64.Build.0 = Debug|Any CPU
		{27629EA3-EB4A-4472-BD61-2D0500897A46}.Debug|x86.ActiveCfg = Debug|Any CPU
		{27629EA3-EB4A-4472-BD61-2D0500897A46}.Debug|x86.Build.0 = Debug|Any CPU
		{27629EA3-EB4A-4472-BD61-2D0500897A46}.Release|Any CPU.ActiveCfg = Release|Any CPU
		{27629EA3-EB4A-4472-BD61-2D0500897A46}.Release|Any CPU.Build.0 = Release|Any CPU
		{27629EA3-EB4A-4472-BD61-2D0500897A46}.Release|x64.ActiveCfg = Release|Any CPU
		{27629EA3-EB4A-4472-BD61-2D0500897A46}.Release|x64.Build.0 = Release|Any CPU
		{27629EA3-EB4A-4472-BD61-2D0500897A46}.Release|x86.ActiveCfg = Release|Any CPU
		{27629EA3-EB4A-4472-BD61-2D0500897A46}.Release|x86.Build.0 = Release|Any CPU
		{83854EC6-4F78-4744-A0A2-9B2C2EFB4047}.Debug|Any CPU.ActiveCfg = Debug|Any CPU
		{83854EC6-4F78-4744-A0A2-9B2C2EFB4047}.Debug|Any CPU.Build.0 = Debug|Any CPU
		{83854EC6-4F78-4744-A0A2-9B2C2EFB4047}.Debug|x64.ActiveCfg = Debug|Any CPU
		{83854EC6-4F78-4744-A0A2-9B2C2EFB4047}.Debug|x64.Build.0 = Debug|Any CPU
		{83854EC6-4F78-4744-A0A2-9B2C2EFB4047}.Debug|x86.ActiveCfg = Debug|Any CPU
		{83854EC6-4F78-4744-A0A2-9B2C2EFB4047}.Debug|x86.Build.0 = Debug|Any CPU
		{83854EC6-4F78-4744-A0A2-9B2C2EFB4047}.Release|Any CPU.ActiveCfg = Release|Any CPU
		{83854EC6-4F78-4744-A0A2-9B2C2EFB4047}.Release|Any CPU.Build.0 = Release|Any CPU
		{83854EC6-4F78-4744-A0A2-9B2C2EFB4047}.Release|x64.ActiveCfg = Release|Any CPU
		{83854EC6-4F78-4744-A0A2-9B2C2EFB4047}.Release|x64.Build.0 = Release|Any CPU
		{83854EC6-4F78-4744-A0A2-9B2C2EFB4047}.Release|x86.ActiveCfg = Release|Any CPU
		{83854EC6-4F78-4744-A0A2-9B2C2EFB4047}.Release|x86.Build.0 = Release|Any CPU
		{8A495E4D-85A2-45AA-9E1D-2B32BD1D4DF0}.Debug|Any CPU.ActiveCfg = Debug|Any CPU
		{8A495E4D-85A2-45AA-9E1D-2B32BD1D4DF0}.Debug|Any CPU.Build.0 = Debug|Any CPU
		{8A495E4D-85A2-45AA-9E1D-2B32BD1D4DF0}.Debug|x64.ActiveCfg = Debug|Any CPU
		{8A495E4D-85A2-45AA-9E1D-2B32BD1D4DF0}.Debug|x64.Build.0 = Debug|Any CPU
		{8A495E4D-85A2-45AA-9E1D-2B32BD1D4DF0}.Debug|x86.ActiveCfg = Debug|Any CPU
		{8A495E4D-85A2-45AA-9E1D-2B32BD1D4DF0}.Debug|x86.Build.0 = Debug|Any CPU
		{8A495E4D-85A2-45AA-9E1D-2B32BD1D4DF0}.Release|Any CPU.ActiveCfg = Release|Any CPU
		{8A495E4D-85A2-45AA-9E1D-2B32BD1D4DF0}.Release|Any CPU.Build.0 = Release|Any CPU
		{8A495E4D-85A2-45AA-9E1D-2B32BD1D4DF0}.Release|x64.ActiveCfg = Release|Any CPU
		{8A495E4D-85A2-45AA-9E1D-2B32BD1D4DF0}.Release|x64.Build.0 = Release|Any CPU
		{8A495E4D-85A2-45AA-9E1D-2B32BD1D4DF0}.Release|x86.ActiveCfg = Release|Any CPU
		{8A495E4D-85A2-45AA-9E1D-2B32BD1D4DF0}.Release|x86.Build.0 = Release|Any CPU
		{0CFF3D09-06CE-44CE-A074-D43029FF1F7F}.Debug|Any CPU.ActiveCfg = Debug|Any CPU
		{0CFF3D09-06CE-44CE-A074-D43029FF1F7F}.Debug|Any CPU.Build.0 = Debug|Any CPU
		{0CFF3D09-06CE-44CE-A074-D43029FF1F7F}.Debug|x64.ActiveCfg = Debug|Any CPU
		{0CFF3D09-06CE-44CE-A074-D43029FF1F7F}.Debug|x64.Build.0 = Debug|Any CPU
		{0CFF3D09-06CE-44CE-A074-D43029FF1F7F}.Debug|x86.ActiveCfg = Debug|Any CPU
		{0CFF3D09-06CE-44CE-A074-D43029FF1F7F}.Debug|x86.Build.0 = Debug|Any CPU
		{0CFF3D09-06CE-44CE-A074-D43029FF1F7F}.Release|Any CPU.ActiveCfg = Release|Any CPU
		{0CFF3D09-06CE-44CE-A074-D43029FF1F7F}.Release|Any CPU.Build.0 = Release|Any CPU
		{0CFF3D09-06CE-44CE-A074-D43029FF1F7F}.Release|x64.ActiveCfg = Release|Any CPU
		{0CFF3D09-06CE-44CE-A074-D43029FF1F7F}.Release|x64.Build.0 = Release|Any CPU
		{0CFF3D09-06CE-44CE-A074-D43029FF1F7F}.Release|x86.ActiveCfg = Release|Any CPU
		{0CFF3D09-06CE-44CE-A074-D43029FF1F7F}.Release|x86.Build.0 = Release|Any CPU
		{CDCE741D-5268-41FB-8917-24B4F669637D}.Debug|Any CPU.ActiveCfg = Debug|Any CPU
		{CDCE741D-5268-41FB-8917-24B4F669637D}.Debug|Any CPU.Build.0 = Debug|Any CPU
		{CDCE741D-5268-41FB-8917-24B4F669637D}.Debug|x64.ActiveCfg = Debug|Any CPU
		{CDCE741D-5268-41FB-8917-24B4F669637D}.Debug|x64.Build.0 = Debug|Any CPU
		{CDCE741D-5268-41FB-8917-24B4F669637D}.Debug|x86.ActiveCfg = Debug|Any CPU
		{CDCE741D-5268-41FB-8917-24B4F669637D}.Debug|x86.Build.0 = Debug|Any CPU
		{CDCE741D-5268-41FB-8917-24B4F669637D}.Release|Any CPU.ActiveCfg = Release|Any CPU
		{CDCE741D-5268-41FB-8917-24B4F669637D}.Release|Any CPU.Build.0 = Release|Any CPU
		{CDCE741D-5268-41FB-8917-24B4F669637D}.Release|x64.ActiveCfg = Release|Any CPU
		{CDCE741D-5268-41FB-8917-24B4F669637D}.Release|x64.Build.0 = Release|Any CPU
		{CDCE741D-5268-41FB-8917-24B4F669637D}.Release|x86.ActiveCfg = Release|Any CPU
		{CDCE741D-5268-41FB-8917-24B4F669637D}.Release|x86.Build.0 = Release|Any CPU
		{268150C9-A3E3-4499-AF77-EC4707EDB7B0}.Debug|Any CPU.ActiveCfg = Debug|Any CPU
		{268150C9-A3E3-4499-AF77-EC4707EDB7B0}.Debug|Any CPU.Build.0 = Debug|Any CPU
		{268150C9-A3E3-4499-AF77-EC4707EDB7B0}.Debug|x64.ActiveCfg = Debug|Any CPU
		{268150C9-A3E3-4499-AF77-EC4707EDB7B0}.Debug|x64.Build.0 = Debug|Any CPU
		{268150C9-A3E3-4499-AF77-EC4707EDB7B0}.Debug|x86.ActiveCfg = Debug|Any CPU
		{268150C9-A3E3-4499-AF77-EC4707EDB7B0}.Debug|x86.Build.0 = Debug|Any CPU
		{268150C9-A3E3-4499-AF77-EC4707EDB7B0}.Release|Any CPU.ActiveCfg = Release|Any CPU
		{268150C9-A3E3-4499-AF77-EC4707EDB7B0}.Release|Any CPU.Build.0 = Release|Any CPU
		{268150C9-A3E3-4499-AF77-EC4707EDB7B0}.Release|x64.ActiveCfg = Release|Any CPU
		{268150C9-A3E3-4499-AF77-EC4707EDB7B0}.Release|x64.Build.0 = Release|Any CPU
		{268150C9-A3E3-4499-AF77-EC4707EDB7B0}.Release|x86.ActiveCfg = Release|Any CPU
		{268150C9-A3E3-4499-AF77-EC4707EDB7B0}.Release|x86.Build.0 = Release|Any CPU
		{38F23DE5-7EB8-4A15-B171-4C21D7DC97F7}.Debug|Any CPU.ActiveCfg = Debug|Any CPU
		{38F23DE5-7EB8-4A15-B171-4C21D7DC97F7}.Debug|Any CPU.Build.0 = Debug|Any CPU
		{38F23DE5-7EB8-4A15-B171-4C21D7DC97F7}.Debug|x64.ActiveCfg = Debug|Any CPU
		{38F23DE5-7EB8-4A15-B171-4C21D7DC97F7}.Debug|x64.Build.0 = Debug|Any CPU
		{38F23DE5-7EB8-4A15-B171-4C21D7DC97F7}.Debug|x86.ActiveCfg = Debug|Any CPU
		{38F23DE5-7EB8-4A15-B171-4C21D7DC97F7}.Debug|x86.Build.0 = Debug|Any CPU
		{38F23DE5-7EB8-4A15-B171-4C21D7DC97F7}.Release|Any CPU.ActiveCfg = Release|Any CPU
		{38F23DE5-7EB8-4A15-B171-4C21D7DC97F7}.Release|Any CPU.Build.0 = Release|Any CPU
		{38F23DE5-7EB8-4A15-B171-4C21D7DC97F7}.Release|x64.ActiveCfg = Release|Any CPU
		{38F23DE5-7EB8-4A15-B171-4C21D7DC97F7}.Release|x64.Build.0 = Release|Any CPU
		{38F23DE5-7EB8-4A15-B171-4C21D7DC97F7}.Release|x86.ActiveCfg = Release|Any CPU
		{38F23DE5-7EB8-4A15-B171-4C21D7DC97F7}.Release|x86.Build.0 = Release|Any CPU
		{CE6F2F70-F683-4EA6-BD63-74E235A34945}.Debug|Any CPU.ActiveCfg = Debug|Any CPU
		{CE6F2F70-F683-4EA6-BD63-74E235A34945}.Debug|Any CPU.Build.0 = Debug|Any CPU
		{CE6F2F70-F683-4EA6-BD63-74E235A34945}.Debug|x64.ActiveCfg = Debug|Any CPU
		{CE6F2F70-F683-4EA6-BD63-74E235A34945}.Debug|x64.Build.0 = Debug|Any CPU
		{CE6F2F70-F683-4EA6-BD63-74E235A34945}.Debug|x86.ActiveCfg = Debug|Any CPU
		{CE6F2F70-F683-4EA6-BD63-74E235A34945}.Debug|x86.Build.0 = Debug|Any CPU
		{CE6F2F70-F683-4EA6-BD63-74E235A34945}.Release|Any CPU.ActiveCfg = Release|Any CPU
		{CE6F2F70-F683-4EA6-BD63-74E235A34945}.Release|Any CPU.Build.0 = Release|Any CPU
		{CE6F2F70-F683-4EA6-BD63-74E235A34945}.Release|x64.ActiveCfg = Release|Any CPU
		{CE6F2F70-F683-4EA6-BD63-74E235A34945}.Release|x64.Build.0 = Release|Any CPU
		{CE6F2F70-F683-4EA6-BD63-74E235A34945}.Release|x86.ActiveCfg = Release|Any CPU
		{CE6F2F70-F683-4EA6-BD63-74E235A34945}.Release|x86.Build.0 = Release|Any CPU
		{8947576D-FA30-48B5-8D97-BE2C17191F3E}.Debug|Any CPU.ActiveCfg = Debug|Any CPU
		{8947576D-FA30-48B5-8D97-BE2C17191F3E}.Debug|Any CPU.Build.0 = Debug|Any CPU
		{8947576D-FA30-48B5-8D97-BE2C17191F3E}.Debug|x64.ActiveCfg = Debug|Any CPU
		{8947576D-FA30-48B5-8D97-BE2C17191F3E}.Debug|x64.Build.0 = Debug|Any CPU
		{8947576D-FA30-48B5-8D97-BE2C17191F3E}.Debug|x86.ActiveCfg = Debug|Any CPU
		{8947576D-FA30-48B5-8D97-BE2C17191F3E}.Debug|x86.Build.0 = Debug|Any CPU
		{8947576D-FA30-48B5-8D97-BE2C17191F3E}.Release|Any CPU.ActiveCfg = Release|Any CPU
		{8947576D-FA30-48B5-8D97-BE2C17191F3E}.Release|Any CPU.Build.0 = Release|Any CPU
		{8947576D-FA30-48B5-8D97-BE2C17191F3E}.Release|x64.ActiveCfg = Release|Any CPU
		{8947576D-FA30-48B5-8D97-BE2C17191F3E}.Release|x64.Build.0 = Release|Any CPU
		{8947576D-FA30-48B5-8D97-BE2C17191F3E}.Release|x86.ActiveCfg = Release|Any CPU
		{8947576D-FA30-48B5-8D97-BE2C17191F3E}.Release|x86.Build.0 = Release|Any CPU
		{DB8FA5B7-262C-4E3E-A22D-3E81D8D72675}.Debug|Any CPU.ActiveCfg = Debug|Any CPU
		{DB8FA5B7-262C-4E3E-A22D-3E81D8D72675}.Debug|Any CPU.Build.0 = Debug|Any CPU
		{DB8FA5B7-262C-4E3E-A22D-3E81D8D72675}.Debug|x64.ActiveCfg = Debug|Any CPU
		{DB8FA5B7-262C-4E3E-A22D-3E81D8D72675}.Debug|x64.Build.0 = Debug|Any CPU
		{DB8FA5B7-262C-4E3E-A22D-3E81D8D72675}.Debug|x86.ActiveCfg = Debug|Any CPU
		{DB8FA5B7-262C-4E3E-A22D-3E81D8D72675}.Debug|x86.Build.0 = Debug|Any CPU
		{DB8FA5B7-262C-4E3E-A22D-3E81D8D72675}.Release|Any CPU.ActiveCfg = Release|Any CPU
		{DB8FA5B7-262C-4E3E-A22D-3E81D8D72675}.Release|Any CPU.Build.0 = Release|Any CPU
		{DB8FA5B7-262C-4E3E-A22D-3E81D8D72675}.Release|x64.ActiveCfg = Release|Any CPU
		{DB8FA5B7-262C-4E3E-A22D-3E81D8D72675}.Release|x64.Build.0 = Release|Any CPU
		{DB8FA5B7-262C-4E3E-A22D-3E81D8D72675}.Release|x86.ActiveCfg = Release|Any CPU
		{DB8FA5B7-262C-4E3E-A22D-3E81D8D72675}.Release|x86.Build.0 = Release|Any CPU
		{9391184C-76EA-4D4A-B19C-52D6DDA95437}.Debug|Any CPU.ActiveCfg = Debug|Any CPU
		{9391184C-76EA-4D4A-B19C-52D6DDA95437}.Debug|Any CPU.Build.0 = Debug|Any CPU
		{9391184C-76EA-4D4A-B19C-52D6DDA95437}.Debug|x64.ActiveCfg = Debug|Any CPU
		{9391184C-76EA-4D4A-B19C-52D6DDA95437}.Debug|x64.Build.0 = Debug|Any CPU
		{9391184C-76EA-4D4A-B19C-52D6DDA95437}.Debug|x86.ActiveCfg = Debug|Any CPU
		{9391184C-76EA-4D4A-B19C-52D6DDA95437}.Debug|x86.Build.0 = Debug|Any CPU
		{9391184C-76EA-4D4A-B19C-52D6DDA95437}.Release|Any CPU.ActiveCfg = Release|Any CPU
		{9391184C-76EA-4D4A-B19C-52D6DDA95437}.Release|Any CPU.Build.0 = Release|Any CPU
		{9391184C-76EA-4D4A-B19C-52D6DDA95437}.Release|x64.ActiveCfg = Release|Any CPU
		{9391184C-76EA-4D4A-B19C-52D6DDA95437}.Release|x64.Build.0 = Release|Any CPU
		{9391184C-76EA-4D4A-B19C-52D6DDA95437}.Release|x86.ActiveCfg = Release|Any CPU
		{9391184C-76EA-4D4A-B19C-52D6DDA95437}.Release|x86.Build.0 = Release|Any CPU
		{46CEFDC0-1EA6-4091-AA38-A82C0EF500BB}.Debug|Any CPU.ActiveCfg = Debug|Any CPU
		{46CEFDC0-1EA6-4091-AA38-A82C0EF500BB}.Debug|Any CPU.Build.0 = Debug|Any CPU
		{46CEFDC0-1EA6-4091-AA38-A82C0EF500BB}.Debug|x64.ActiveCfg = Debug|Any CPU
		{46CEFDC0-1EA6-4091-AA38-A82C0EF500BB}.Debug|x64.Build.0 = Debug|Any CPU
		{46CEFDC0-1EA6-4091-AA38-A82C0EF500BB}.Debug|x86.ActiveCfg = Debug|Any CPU
		{46CEFDC0-1EA6-4091-AA38-A82C0EF500BB}.Debug|x86.Build.0 = Debug|Any CPU
		{46CEFDC0-1EA6-4091-AA38-A82C0EF500BB}.Release|Any CPU.ActiveCfg = Release|Any CPU
		{46CEFDC0-1EA6-4091-AA38-A82C0EF500BB}.Release|Any CPU.Build.0 = Release|Any CPU
		{46CEFDC0-1EA6-4091-AA38-A82C0EF500BB}.Release|x64.ActiveCfg = Release|Any CPU
		{46CEFDC0-1EA6-4091-AA38-A82C0EF500BB}.Release|x64.Build.0 = Release|Any CPU
		{46CEFDC0-1EA6-4091-AA38-A82C0EF500BB}.Release|x86.ActiveCfg = Release|Any CPU
		{46CEFDC0-1EA6-4091-AA38-A82C0EF500BB}.Release|x86.Build.0 = Release|Any CPU
	EndGlobalSection
	GlobalSection(SolutionProperties) = preSolution
		HideSolutionNode = FALSE
	EndGlobalSection
	GlobalSection(ExtensibilityGlobals) = postSolution
		SolutionGuid = {6E7E27E7-ABA6-439F-B03B-4539361EF35E}
	EndGlobalSection
EndGlobal
