
Microsoft Visual Studio Solution File, Format Version 12.00
# Visual Studio Version 16
VisualStudioVersion = 16.0.29920.165
MinimumVisualStudioVersion = 10.0.40219.1
Project("{FAE04EC0-301F-11D3-BF4B-00C04F79EFBC}") = "00-01.DHHTools_Library", "00-01.DHHTools_Library\00-01.DHHTools_Library.csproj", "{C1343206-2654-4111-B0FA-B296CBBA6B66}"
EndProject
Project("{FAE04EC0-301F-11D3-BF4B-00C04F79EFBC}") = "00-02.DHHTools_CreateRibbon", "00-02.DHHTools_CreateRibbon\00-02.DHHTools_CreateRibbon.csproj", "{2BDDB9DF-CC54-44C0-945D-860DA460292C}"
EndProject
Project("{FAE04EC0-301F-11D3-BF4B-00C04F79EFBC}") = "00-03.DHHTools_Cmd", "00-03.DHHTools_Cmd\00-03.DHHTools_Cmd.csproj", "{B32B4BC7-3EED-413A-9FBD-BA1EE5272066}"
EndProject
Project("{FAE04EC0-301F-11D3-BF4B-00C04F79EFBC}") = "01-01.DHHTools_SelectionFilter", "01-01.DHHTools_SelectionFilter\01-01.DHHTools_SelectionFilter.csproj", "{BC9DFA08-F211-410D-8D93-B173D4470C58}"
EndProject
Project("{FAE04EC0-301F-11D3-BF4B-00C04F79EFBC}") = "02-01.DHHTools_CreateSectionBeam-Detail2D", "02-01.DHHTools_CreateSectionBeam-Detail2D\02-01.DHHTools_CreateSectionBeam-Detail2D.csproj", "{E2859F56-87C2-4E09-9A2F-79A8B1AE255F}"
EndProject
Project("{FAE04EC0-301F-11D3-BF4B-00C04F79EFBC}") = "03-01.DHHTools_CreateRebarBeam", "03-01.DHHTools_CreateRebarBeam\03-01.DHHTools_CreateRebarBeam.csproj", "{23E53AD0-3125-4B9A-9F0A-2B54E574C0B5}"
EndProject
Project("{FAE04EC0-301F-11D3-BF4B-00C04F79EFBC}") = "03-02.DHHTools_CreateRebarColumn", "03-02.DHHTools_CreateRebarColumn\03-02.DHHTools_CreateRebarColumn.csproj", "{69DC0E0C-8C65-4228-BAD9-4C099C5A21AD}"
EndProject
Project("{FAE04EC0-301F-11D3-BF4B-00C04F79EFBC}") = "02-02.DHHTools_CreateRebarSlab2D-RebarPlan2D", "02-02.DHHTools_CreateRebarSlab2D-RebarPlan2D\02-02.DHHTools_CreateRebarSlab2D-RebarPlan2D.csproj", "{CF4625C1-D495-443C-9398-CF493FCAFAAB}"
EndProject
Project("{FAE04EC0-301F-11D3-BF4B-00C04F79EFBC}") = "02-03.DHHTools_PileCoordinates", "01-02.DHHTools_PileCoordinates\02-03.DHHTools_PileCoordinates.csproj", "{FAAE2845-34C9-47F2-83F4-8D2A13B105D2}"
EndProject
Project("{FAE04EC0-301F-11D3-BF4B-00C04F79EFBC}") = "01-02.DHHTools_SheetDuplicates", "01-02.DHHTools_SheetDuplicates\01-02.DHHTools_SheetDuplicates.csproj", "{DF498842-EFB4-43B4-910C-4B1D4144CA4A}"
EndProject
Global
	GlobalSection(SolutionConfigurationPlatforms) = preSolution
		Debug|Any CPU = Debug|Any CPU
		Debug|x64 = Debug|x64
		Debug|x86 = Debug|x86
		Release|Any CPU = Release|Any CPU
		Release|x64 = Release|x64
		Release|x86 = Release|x86
	EndGlobalSection
	GlobalSection(ProjectConfigurationPlatforms) = postSolution
		{C1343206-2654-4111-B0FA-B296CBBA6B66}.Debug|Any CPU.ActiveCfg = Debug|Any CPU
		{C1343206-2654-4111-B0FA-B296CBBA6B66}.Debug|Any CPU.Build.0 = Debug|Any CPU
		{C1343206-2654-4111-B0FA-B296CBBA6B66}.Debug|x64.ActiveCfg = Debug|x64
		{C1343206-2654-4111-B0FA-B296CBBA6B66}.Debug|x64.Build.0 = Debug|x64
		{C1343206-2654-4111-B0FA-B296CBBA6B66}.Debug|x86.ActiveCfg = Debug|x86
		{C1343206-2654-4111-B0FA-B296CBBA6B66}.Debug|x86.Build.0 = Debug|x86
		{C1343206-2654-4111-B0FA-B296CBBA6B66}.Release|Any CPU.ActiveCfg = Release|Any CPU
		{C1343206-2654-4111-B0FA-B296CBBA6B66}.Release|Any CPU.Build.0 = Release|Any CPU
		{C1343206-2654-4111-B0FA-B296CBBA6B66}.Release|x64.ActiveCfg = Release|x64
		{C1343206-2654-4111-B0FA-B296CBBA6B66}.Release|x64.Build.0 = Release|x64
		{C1343206-2654-4111-B0FA-B296CBBA6B66}.Release|x86.ActiveCfg = Release|x86
		{C1343206-2654-4111-B0FA-B296CBBA6B66}.Release|x86.Build.0 = Release|x86
		{2BDDB9DF-CC54-44C0-945D-860DA460292C}.Debug|Any CPU.ActiveCfg = Debug|Any CPU
		{2BDDB9DF-CC54-44C0-945D-860DA460292C}.Debug|Any CPU.Build.0 = Debug|Any CPU
		{2BDDB9DF-CC54-44C0-945D-860DA460292C}.Debug|x64.ActiveCfg = Debug|x64
		{2BDDB9DF-CC54-44C0-945D-860DA460292C}.Debug|x64.Build.0 = Debug|x64
		{2BDDB9DF-CC54-44C0-945D-860DA460292C}.Debug|x86.ActiveCfg = Debug|x86
		{2BDDB9DF-CC54-44C0-945D-860DA460292C}.Debug|x86.Build.0 = Debug|x86
		{2BDDB9DF-CC54-44C0-945D-860DA460292C}.Release|Any CPU.ActiveCfg = Release|Any CPU
		{2BDDB9DF-CC54-44C0-945D-860DA460292C}.Release|Any CPU.Build.0 = Release|Any CPU
		{2BDDB9DF-CC54-44C0-945D-860DA460292C}.Release|x64.ActiveCfg = Release|x64
		{2BDDB9DF-CC54-44C0-945D-860DA460292C}.Release|x64.Build.0 = Release|x64
		{2BDDB9DF-CC54-44C0-945D-860DA460292C}.Release|x86.ActiveCfg = Release|x86
		{2BDDB9DF-CC54-44C0-945D-860DA460292C}.Release|x86.Build.0 = Release|x86
		{B32B4BC7-3EED-413A-9FBD-BA1EE5272066}.Debug|Any CPU.ActiveCfg = Debug|Any CPU
		{B32B4BC7-3EED-413A-9FBD-BA1EE5272066}.Debug|Any CPU.Build.0 = Debug|Any CPU
		{B32B4BC7-3EED-413A-9FBD-BA1EE5272066}.Debug|x64.ActiveCfg = Debug|x64
		{B32B4BC7-3EED-413A-9FBD-BA1EE5272066}.Debug|x64.Build.0 = Debug|x64
		{B32B4BC7-3EED-413A-9FBD-BA1EE5272066}.Debug|x86.ActiveCfg = Debug|x86
		{B32B4BC7-3EED-413A-9FBD-BA1EE5272066}.Debug|x86.Build.0 = Debug|x86
		{B32B4BC7-3EED-413A-9FBD-BA1EE5272066}.Release|Any CPU.ActiveCfg = Release|Any CPU
		{B32B4BC7-3EED-413A-9FBD-BA1EE5272066}.Release|Any CPU.Build.0 = Release|Any CPU
		{B32B4BC7-3EED-413A-9FBD-BA1EE5272066}.Release|x64.ActiveCfg = Release|x64
		{B32B4BC7-3EED-413A-9FBD-BA1EE5272066}.Release|x64.Build.0 = Release|x64
		{B32B4BC7-3EED-413A-9FBD-BA1EE5272066}.Release|x86.ActiveCfg = Release|x86
		{B32B4BC7-3EED-413A-9FBD-BA1EE5272066}.Release|x86.Build.0 = Release|x86
		{BC9DFA08-F211-410D-8D93-B173D4470C58}.Debug|Any CPU.ActiveCfg = Debug|Any CPU
		{BC9DFA08-F211-410D-8D93-B173D4470C58}.Debug|Any CPU.Build.0 = Debug|Any CPU
		{BC9DFA08-F211-410D-8D93-B173D4470C58}.Debug|x64.ActiveCfg = Debug|x64
		{BC9DFA08-F211-410D-8D93-B173D4470C58}.Debug|x64.Build.0 = Debug|x64
		{BC9DFA08-F211-410D-8D93-B173D4470C58}.Debug|x86.ActiveCfg = Debug|x86
		{BC9DFA08-F211-410D-8D93-B173D4470C58}.Debug|x86.Build.0 = Debug|x86
		{BC9DFA08-F211-410D-8D93-B173D4470C58}.Release|Any CPU.ActiveCfg = Release|Any CPU
		{BC9DFA08-F211-410D-8D93-B173D4470C58}.Release|Any CPU.Build.0 = Release|Any CPU
		{BC9DFA08-F211-410D-8D93-B173D4470C58}.Release|x64.ActiveCfg = Release|x64
		{BC9DFA08-F211-410D-8D93-B173D4470C58}.Release|x64.Build.0 = Release|x64
		{BC9DFA08-F211-410D-8D93-B173D4470C58}.Release|x86.ActiveCfg = Release|x86
		{BC9DFA08-F211-410D-8D93-B173D4470C58}.Release|x86.Build.0 = Release|x86
		{E2859F56-87C2-4E09-9A2F-79A8B1AE255F}.Debug|Any CPU.ActiveCfg = Debug|Any CPU
		{E2859F56-87C2-4E09-9A2F-79A8B1AE255F}.Debug|Any CPU.Build.0 = Debug|Any CPU
		{E2859F56-87C2-4E09-9A2F-79A8B1AE255F}.Debug|x64.ActiveCfg = Debug|x64
		{E2859F56-87C2-4E09-9A2F-79A8B1AE255F}.Debug|x64.Build.0 = Debug|x64
		{E2859F56-87C2-4E09-9A2F-79A8B1AE255F}.Debug|x86.ActiveCfg = Debug|x86
		{E2859F56-87C2-4E09-9A2F-79A8B1AE255F}.Debug|x86.Build.0 = Debug|x86
		{E2859F56-87C2-4E09-9A2F-79A8B1AE255F}.Release|Any CPU.ActiveCfg = Release|Any CPU
		{E2859F56-87C2-4E09-9A2F-79A8B1AE255F}.Release|Any CPU.Build.0 = Release|Any CPU
		{E2859F56-87C2-4E09-9A2F-79A8B1AE255F}.Release|x64.ActiveCfg = Release|x64
		{E2859F56-87C2-4E09-9A2F-79A8B1AE255F}.Release|x64.Build.0 = Release|x64
		{E2859F56-87C2-4E09-9A2F-79A8B1AE255F}.Release|x86.ActiveCfg = Release|x86
		{E2859F56-87C2-4E09-9A2F-79A8B1AE255F}.Release|x86.Build.0 = Release|x86
		{23E53AD0-3125-4B9A-9F0A-2B54E574C0B5}.Debug|Any CPU.ActiveCfg = Debug|Any CPU
		{23E53AD0-3125-4B9A-9F0A-2B54E574C0B5}.Debug|Any CPU.Build.0 = Debug|Any CPU
		{23E53AD0-3125-4B9A-9F0A-2B54E574C0B5}.Debug|x64.ActiveCfg = Debug|x64
		{23E53AD0-3125-4B9A-9F0A-2B54E574C0B5}.Debug|x64.Build.0 = Debug|x64
		{23E53AD0-3125-4B9A-9F0A-2B54E574C0B5}.Debug|x86.ActiveCfg = Debug|x86
		{23E53AD0-3125-4B9A-9F0A-2B54E574C0B5}.Debug|x86.Build.0 = Debug|x86
		{23E53AD0-3125-4B9A-9F0A-2B54E574C0B5}.Release|Any CPU.ActiveCfg = Release|Any CPU
		{23E53AD0-3125-4B9A-9F0A-2B54E574C0B5}.Release|Any CPU.Build.0 = Release|Any CPU
		{23E53AD0-3125-4B9A-9F0A-2B54E574C0B5}.Release|x64.ActiveCfg = Release|x64
		{23E53AD0-3125-4B9A-9F0A-2B54E574C0B5}.Release|x64.Build.0 = Release|x64
		{23E53AD0-3125-4B9A-9F0A-2B54E574C0B5}.Release|x86.ActiveCfg = Release|x86
		{23E53AD0-3125-4B9A-9F0A-2B54E574C0B5}.Release|x86.Build.0 = Release|x86
		{69DC0E0C-8C65-4228-BAD9-4C099C5A21AD}.Debug|Any CPU.ActiveCfg = Debug|Any CPU
		{69DC0E0C-8C65-4228-BAD9-4C099C5A21AD}.Debug|Any CPU.Build.0 = Debug|Any CPU
		{69DC0E0C-8C65-4228-BAD9-4C099C5A21AD}.Debug|x64.ActiveCfg = Debug|x64
		{69DC0E0C-8C65-4228-BAD9-4C099C5A21AD}.Debug|x64.Build.0 = Debug|x64
		{69DC0E0C-8C65-4228-BAD9-4C099C5A21AD}.Debug|x86.ActiveCfg = Debug|x86
		{69DC0E0C-8C65-4228-BAD9-4C099C5A21AD}.Debug|x86.Build.0 = Debug|x86
		{69DC0E0C-8C65-4228-BAD9-4C099C5A21AD}.Release|Any CPU.ActiveCfg = Release|Any CPU
		{69DC0E0C-8C65-4228-BAD9-4C099C5A21AD}.Release|Any CPU.Build.0 = Release|Any CPU
		{69DC0E0C-8C65-4228-BAD9-4C099C5A21AD}.Release|x64.ActiveCfg = Release|x64
		{69DC0E0C-8C65-4228-BAD9-4C099C5A21AD}.Release|x64.Build.0 = Release|x64
		{69DC0E0C-8C65-4228-BAD9-4C099C5A21AD}.Release|x86.ActiveCfg = Release|x86
		{69DC0E0C-8C65-4228-BAD9-4C099C5A21AD}.Release|x86.Build.0 = Release|x86
		{CF4625C1-D495-443C-9398-CF493FCAFAAB}.Debug|Any CPU.ActiveCfg = Debug|Any CPU
		{CF4625C1-D495-443C-9398-CF493FCAFAAB}.Debug|Any CPU.Build.0 = Debug|Any CPU
		{CF4625C1-D495-443C-9398-CF493FCAFAAB}.Debug|x64.ActiveCfg = Debug|x64
		{CF4625C1-D495-443C-9398-CF493FCAFAAB}.Debug|x64.Build.0 = Debug|x64
		{CF4625C1-D495-443C-9398-CF493FCAFAAB}.Debug|x86.ActiveCfg = Debug|x86
		{CF4625C1-D495-443C-9398-CF493FCAFAAB}.Debug|x86.Build.0 = Debug|x86
		{CF4625C1-D495-443C-9398-CF493FCAFAAB}.Release|Any CPU.ActiveCfg = Release|Any CPU
		{CF4625C1-D495-443C-9398-CF493FCAFAAB}.Release|Any CPU.Build.0 = Release|Any CPU
		{CF4625C1-D495-443C-9398-CF493FCAFAAB}.Release|x64.ActiveCfg = Release|x64
		{CF4625C1-D495-443C-9398-CF493FCAFAAB}.Release|x64.Build.0 = Release|x64
		{CF4625C1-D495-443C-9398-CF493FCAFAAB}.Release|x86.ActiveCfg = Release|x86
		{CF4625C1-D495-443C-9398-CF493FCAFAAB}.Release|x86.Build.0 = Release|x86
		{FAAE2845-34C9-47F2-83F4-8D2A13B105D2}.Debug|Any CPU.ActiveCfg = Debug|Any CPU
		{FAAE2845-34C9-47F2-83F4-8D2A13B105D2}.Debug|Any CPU.Build.0 = Debug|Any CPU
		{FAAE2845-34C9-47F2-83F4-8D2A13B105D2}.Debug|x64.ActiveCfg = Debug|x64
		{FAAE2845-34C9-47F2-83F4-8D2A13B105D2}.Debug|x64.Build.0 = Debug|x64
		{FAAE2845-34C9-47F2-83F4-8D2A13B105D2}.Debug|x86.ActiveCfg = Debug|x86
		{FAAE2845-34C9-47F2-83F4-8D2A13B105D2}.Debug|x86.Build.0 = Debug|x86
		{FAAE2845-34C9-47F2-83F4-8D2A13B105D2}.Release|Any CPU.ActiveCfg = Release|Any CPU
		{FAAE2845-34C9-47F2-83F4-8D2A13B105D2}.Release|Any CPU.Build.0 = Release|Any CPU
		{FAAE2845-34C9-47F2-83F4-8D2A13B105D2}.Release|x64.ActiveCfg = Release|x64
		{FAAE2845-34C9-47F2-83F4-8D2A13B105D2}.Release|x64.Build.0 = Release|x64
		{FAAE2845-34C9-47F2-83F4-8D2A13B105D2}.Release|x86.ActiveCfg = Release|x86
		{FAAE2845-34C9-47F2-83F4-8D2A13B105D2}.Release|x86.Build.0 = Release|x86
		{DF498842-EFB4-43B4-910C-4B1D4144CA4A}.Debug|Any CPU.ActiveCfg = Debug|Any CPU
		{DF498842-EFB4-43B4-910C-4B1D4144CA4A}.Debug|Any CPU.Build.0 = Debug|Any CPU
		{DF498842-EFB4-43B4-910C-4B1D4144CA4A}.Debug|x64.ActiveCfg = Debug|x64
		{DF498842-EFB4-43B4-910C-4B1D4144CA4A}.Debug|x64.Build.0 = Debug|x64
		{DF498842-EFB4-43B4-910C-4B1D4144CA4A}.Debug|x86.ActiveCfg = Debug|x86
		{DF498842-EFB4-43B4-910C-4B1D4144CA4A}.Debug|x86.Build.0 = Debug|x86
		{DF498842-EFB4-43B4-910C-4B1D4144CA4A}.Release|Any CPU.ActiveCfg = Release|Any CPU
		{DF498842-EFB4-43B4-910C-4B1D4144CA4A}.Release|Any CPU.Build.0 = Release|Any CPU
		{DF498842-EFB4-43B4-910C-4B1D4144CA4A}.Release|x64.ActiveCfg = Release|x64
		{DF498842-EFB4-43B4-910C-4B1D4144CA4A}.Release|x64.Build.0 = Release|x64
		{DF498842-EFB4-43B4-910C-4B1D4144CA4A}.Release|x86.ActiveCfg = Release|x86
		{DF498842-EFB4-43B4-910C-4B1D4144CA4A}.Release|x86.Build.0 = Release|x86
	EndGlobalSection
	GlobalSection(SolutionProperties) = preSolution
		HideSolutionNode = FALSE
	EndGlobalSection
	GlobalSection(ExtensibilityGlobals) = postSolution
		SolutionGuid = {6E7E27E7-ABA6-439F-B03B-4539361EF35E}
	EndGlobalSection
EndGlobal
